
Microsoft Visual Studio Solution File, Format Version 12.00
# Visual Studio 2012
Project("{FAE04EC0-301F-11D3-BF4B-00C04F79EFBC}") = "GUi", "GUi\GUi.csproj", "{263A3B34-401F-4076-8DB8-5F60EF21618B}"
EndProject
Global
	GlobalSection(SolutionConfigurationPlatforms) = preSolution
		Debug|x86 = Debug|x86
		Release|x86 = Release|x86
	EndGlobalSection
	GlobalSection(ProjectConfigurationPlatforms) = postSolution
		{263A3B34-401F-4076-8DB8-5F60EF21618B}.Debug|x86.ActiveCfg = Debug|x86
		{263A3B34-401F-4076-8DB8-5F60EF21618B}.Debug|x86.Build.0 = Debug|x86
		{263A3B34-401F-4076-8DB8-5F60EF21618B}.Release|x86.ActiveCfg = Release|x86
		{263A3B34-401F-4076-8DB8-5F60EF21618B}.Release|x86.Build.0 = Release|x86
	EndGlobalSection
EndGlobal
